
Microsoft Visual Studio Solution File, Format Version 12.00
# Visual Studio Version 17
VisualStudioVersion = 17.1.32421.90
MinimumVisualStudioVersion = 10.0.40219.1
Project("{9A19103F-16F7-4668-BE54-9A1E7A4F7556}") = "ECommerceCourse2022", "ECommerceCourse2022\ECommerceCourse2022.csproj", "{76E04297-5808-48DA-BF2B-3D7F23E71B83}"
EndProject
Project("{9A19103F-16F7-4668-BE54-9A1E7A4F7556}") = "EcommerceCourse2022_client", "EcommerceCourse2022_client\EcommerceCourse2022_client.csproj", "{1BF86954-1216-4723-8C74-8782FC665E68}"
EndProject
Project("{9A19103F-16F7-4668-BE54-9A1E7A4F7556}") = "ECommerce_Business", "ECommerce_Business\ECommerce_Business.csproj", "{C9A75A06-79E0-45C5-A784-42A41FAD6E77}"
EndProject
Project("{9A19103F-16F7-4668-BE54-9A1E7A4F7556}") = "ECommerce_Common", "ECommerce_Common\ECommerce_Common.csproj", "{474FB39B-5AA8-4A88-B050-B12988956767}"
EndProject
Project("{9A19103F-16F7-4668-BE54-9A1E7A4F7556}") = "ECommerce_DataAccess", "ECommerce_DataAccess\ECommerce_DataAccess.csproj", "{3D6A1D59-7AFB-4971-A6E0-C8A26C2FCD84}"
EndProject
Project("{9A19103F-16F7-4668-BE54-9A1E7A4F7556}") = "ECommerce_Models", "ECommerce_Models\ECommerce_Models.csproj", "{46DF0129-694D-4AB3-9208-87BECA5AC02C}"
EndProject
Project("{9A19103F-16F7-4668-BE54-9A1E7A4F7556}") = "ECommerceCourse_API", "ECommerceCourse_API\ECommerceCourse_API.csproj", "{64AC0B63-E92B-4B49-B266-96E0CF2CF941}"
EndProject
Global
	GlobalSection(SolutionConfigurationPlatforms) = preSolution
		Debug|Any CPU = Debug|Any CPU
		Release|Any CPU = Release|Any CPU
	EndGlobalSection
	GlobalSection(ProjectConfigurationPlatforms) = postSolution
		{76E04297-5808-48DA-BF2B-3D7F23E71B83}.Debug|Any CPU.ActiveCfg = Debug|Any CPU
		{76E04297-5808-48DA-BF2B-3D7F23E71B83}.Debug|Any CPU.Build.0 = Debug|Any CPU
		{76E04297-5808-48DA-BF2B-3D7F23E71B83}.Release|Any CPU.ActiveCfg = Release|Any CPU
		{76E04297-5808-48DA-BF2B-3D7F23E71B83}.Release|Any CPU.Build.0 = Release|Any CPU
		{1BF86954-1216-4723-8C74-8782FC665E68}.Debug|Any CPU.ActiveCfg = Debug|Any CPU
		{1BF86954-1216-4723-8C74-8782FC665E68}.Debug|Any CPU.Build.0 = Debug|Any CPU
		{1BF86954-1216-4723-8C74-8782FC665E68}.Release|Any CPU.ActiveCfg = Release|Any CPU
		{1BF86954-1216-4723-8C74-8782FC665E68}.Release|Any CPU.Build.0 = Release|Any CPU
		{C9A75A06-79E0-45C5-A784-42A41FAD6E77}.Debug|Any CPU.ActiveCfg = Debug|Any CPU
		{C9A75A06-79E0-45C5-A784-42A41FAD6E77}.Debug|Any CPU.Build.0 = Debug|Any CPU
		{C9A75A06-79E0-45C5-A784-42A41FAD6E77}.Release|Any CPU.ActiveCfg = Release|Any CPU
		{C9A75A06-79E0-45C5-A784-42A41FAD6E77}.Release|Any CPU.Build.0 = Release|Any CPU
		{474FB39B-5AA8-4A88-B050-B12988956767}.Debug|Any CPU.ActiveCfg = Debug|Any CPU
		{474FB39B-5AA8-4A88-B050-B12988956767}.Debug|Any CPU.Build.0 = Debug|Any CPU
		{474FB39B-5AA8-4A88-B050-B12988956767}.Release|Any CPU.ActiveCfg = Release|Any CPU
		{474FB39B-5AA8-4A88-B050-B12988956767}.Release|Any CPU.Build.0 = Release|Any CPU
		{3D6A1D59-7AFB-4971-A6E0-C8A26C2FCD84}.Debug|Any CPU.ActiveCfg = Debug|Any CPU
		{3D6A1D59-7AFB-4971-A6E0-C8A26C2FCD84}.Debug|Any CPU.Build.0 = Debug|Any CPU
		{3D6A1D59-7AFB-4971-A6E0-C8A26C2FCD84}.Release|Any CPU.ActiveCfg = Release|Any CPU
		{3D6A1D59-7AFB-4971-A6E0-C8A26C2FCD84}.Release|Any CPU.Build.0 = Release|Any CPU
		{46DF0129-694D-4AB3-9208-87BECA5AC02C}.Debug|Any CPU.ActiveCfg = Debug|Any CPU
		{46DF0129-694D-4AB3-9208-87BECA5AC02C}.Debug|Any CPU.Build.0 = Debug|Any CPU
		{46DF0129-694D-4AB3-9208-87BECA5AC02C}.Release|Any CPU.ActiveCfg = Release|Any CPU
		{46DF0129-694D-4AB3-9208-87BECA5AC02C}.Release|Any CPU.Build.0 = Release|Any CPU
		{64AC0B63-E92B-4B49-B266-96E0CF2CF941}.Debug|Any CPU.ActiveCfg = Debug|Any CPU
		{64AC0B63-E92B-4B49-B266-96E0CF2CF941}.Debug|Any CPU.Build.0 = Debug|Any CPU
		{64AC0B63-E92B-4B49-B266-96E0CF2CF941}.Release|Any CPU.ActiveCfg = Release|Any CPU
		{64AC0B63-E92B-4B49-B266-96E0CF2CF941}.Release|Any CPU.Build.0 = Release|Any CPU
	EndGlobalSection
	GlobalSection(SolutionProperties) = preSolution
		HideSolutionNode = FALSE
	EndGlobalSection
	GlobalSection(ExtensibilityGlobals) = postSolution
		SolutionGuid = {B9151002-AE44-4182-818A-7C12CF8C4C45}
	EndGlobalSection
EndGlobal
